
Microsoft Visual Studio Solution File, Format Version 12.00
# Visual Studio Version 16
VisualStudioVersion = 16.0.30711.63
MinimumVisualStudioVersion = 10.0.40219.1
Project("{FAE04EC0-301F-11D3-BF4B-00C04F79EFBC}") = "geometrie curs2", "geometrie curs2.csproj", "{345F3C2E-0341-424E-ACB6-8F22934EE164}"
EndProject
Global
	GlobalSection(SolutionConfigurationPlatforms) = preSolution
		Debug|Any CPU = Debug|Any CPU
		Release|Any CPU = Release|Any CPU
	EndGlobalSection
	GlobalSection(ProjectConfigurationPlatforms) = postSolution
		{345F3C2E-0341-424E-ACB6-8F22934EE164}.Debug|Any CPU.ActiveCfg = Debug|Any CPU
		{345F3C2E-0341-424E-ACB6-8F22934EE164}.Debug|Any CPU.Build.0 = Debug|Any CPU
		{345F3C2E-0341-424E-ACB6-8F22934EE164}.Release|Any CPU.ActiveCfg = Release|Any CPU
		{345F3C2E-0341-424E-ACB6-8F22934EE164}.Release|Any CPU.Build.0 = Release|Any CPU
	EndGlobalSection
	GlobalSection(SolutionProperties) = preSolution
		HideSolutionNode = FALSE
	EndGlobalSection
	GlobalSection(ExtensibilityGlobals) = postSolution
		SolutionGuid = {F96CDB90-CC96-449F-8711-57BC21A8F3F9}
	EndGlobalSection
EndGlobal
